{
  "requires": true,
  "lockfileVersion": 1,
  "dependencies": {
    "jquery": {
      "version": "3.4.1",
      "resolved": "https://registry.npmjs.org/jquery/-/jquery-3.4.1.tgz",
      "integrity": "sha512-36+AdBzCL+y6qjw5Tx7HgzeGCzC81MDDgaUP8ld2zhx58HdqXGoBd+tHdrBMiyjGQs0Hxs/MLZTu/eHNJJuWPw=="
    },
    "jquery.breadcrumbs-generator": {
      "version": "1.0.3",
      "resolved": "https://registry.npmjs.org/jquery.breadcrumbs-generator/-/jquery.breadcrumbs-generator-1.0.3.tgz",
      "integrity": "sha512-LgtZmyWtq7Ue2us+cDIJc1Fz3vCKb5tE4b6qju2NYLL1YPAkSBJtXcGV8yilvLEsynp0p6TjAcOP9YBEr96TfA==",
      "requires": {
        "jquery": "^3.3.1"
      }
    }
  }
}
